
Microsoft Visual Studio Solution File, Format Version 12.00
# Visual Studio Version 16
VisualStudioVersion = 16.0.29728.190
MinimumVisualStudioVersion = 10.0.40219.1
Project("{8BC9CEB8-8B4A-11D0-8D11-00A0C91BC942}") = "simple-expr-parser", "simple-expr-parser\simple-expr-parser.vcxproj", "{03FD0C6C-B846-4C18-8A9F-ED3634A02B04}"
EndProject
Project("{2150E333-8FDC-42A3-9474-1A3956D46DE8}") = "src", "src", "{95E0E777-7435-48E2-9CF9-19E6F2D0EAB1}"
	ProjectSection(SolutionItems) = preProject
		..\..\src\constexpr-parser.hpp = ..\..\src\constexpr-parser.hpp
	EndProjectSection
EndProject
Project("{8BC9CEB8-8B4A-11D0-8D11-00A0C91BC942}") = "json-parser", "json-parser\json-parser.vcxproj", "{4EE784E7-548F-4C89-B283-F9376F887131}"
EndProject
Global
	GlobalSection(SolutionConfigurationPlatforms) = preSolution
		Debug|x64 = Debug|x64
		Release|x64 = Release|x64
	EndGlobalSection
	GlobalSection(ProjectConfigurationPlatforms) = postSolution
		{03FD0C6C-B846-4C18-8A9F-ED3634A02B04}.Debug|x64.ActiveCfg = Debug|x64
		{03FD0C6C-B846-4C18-8A9F-ED3634A02B04}.Debug|x64.Build.0 = Debug|x64
		{03FD0C6C-B846-4C18-8A9F-ED3634A02B04}.Release|x64.ActiveCfg = Release|x64
		{03FD0C6C-B846-4C18-8A9F-ED3634A02B04}.Release|x64.Build.0 = Release|x64
		{4EE784E7-548F-4C89-B283-F9376F887131}.Debug|x64.ActiveCfg = Debug|x64
		{4EE784E7-548F-4C89-B283-F9376F887131}.Debug|x64.Build.0 = Debug|x64
		{4EE784E7-548F-4C89-B283-F9376F887131}.Release|x64.ActiveCfg = Release|x64
		{4EE784E7-548F-4C89-B283-F9376F887131}.Release|x64.Build.0 = Release|x64
	EndGlobalSection
	GlobalSection(SolutionProperties) = preSolution
		HideSolutionNode = FALSE
	EndGlobalSection
	GlobalSection(ExtensibilityGlobals) = postSolution
		SolutionGuid = {A521C0F9-0346-456A-93D8-374E81515FD9}
	EndGlobalSection
EndGlobal
